
Microsoft Visual Studio Solution File, Format Version 12.00
# Visual Studio Version 16
VisualStudioVersion = 16.0.29911.84
MinimumVisualStudioVersion = 10.0.40219.1
Project("{9A19103F-16F7-4668-BE54-9A1E7A4F7556}") = "NowConsole", "Now\NowConsole.csproj", "{FCF318BA-AECF-4801-963F-907529BD9B23}"
EndProject
Project("{9A19103F-16F7-4668-BE54-9A1E7A4F7556}") = "SQLDataAccess", "DataAccess\SQLDataAccess.csproj", "{3B68DB3D-24CF-4F4E-9924-8FACA2222641}"
EndProject
Project("{9A19103F-16F7-4668-BE54-9A1E7A4F7556}") = "Trader", "Trader\Trader.csproj", "{FFF86DF2-FF6C-43CC-8DEF-A881E00D9CEF}"
EndProject
Project("{9A19103F-16F7-4668-BE54-9A1E7A4F7556}") = "Utility", "Utility\Utility.csproj", "{2A45FB03-54D3-4B17-87C8-41C022567314}"
EndProject
Project("{9A19103F-16F7-4668-BE54-9A1E7A4F7556}") = "Analyst", "Analyst\Analyst.csproj", "{633EF114-C4E5-4FB9-9D9A-CBA800E20FD8}"
EndProject
Project("{9A19103F-16F7-4668-BE54-9A1E7A4F7556}") = "MongoAccess", "MongoAccess\MongoAccess.csproj", "{D00626D4-9DC7-458D-A9A3-84184BB34B63}"
EndProject
Project("{9A19103F-16F7-4668-BE54-9A1E7A4F7556}") = "Models", "Models\Models.csproj", "{CE23B7F6-2AA6-4D0C-9B13-03D1BA9C00DB}"
EndProject
Project("{00D1A9C2-B5F0-4AF3-8072-F6C62B433612}") = "NowDB", "NowDB\NowDB.sqlproj", "{59A6EB4F-CA40-4E85-9076-357B613EF21A}"
EndProject
Global
	GlobalSection(SolutionConfigurationPlatforms) = preSolution
		Debug|Any CPU = Debug|Any CPU
		Release|Any CPU = Release|Any CPU
	EndGlobalSection
	GlobalSection(ProjectConfigurationPlatforms) = postSolution
		{FCF318BA-AECF-4801-963F-907529BD9B23}.Debug|Any CPU.ActiveCfg = Debug|Any CPU
		{FCF318BA-AECF-4801-963F-907529BD9B23}.Debug|Any CPU.Build.0 = Debug|Any CPU
		{FCF318BA-AECF-4801-963F-907529BD9B23}.Release|Any CPU.ActiveCfg = Release|Any CPU
		{FCF318BA-AECF-4801-963F-907529BD9B23}.Release|Any CPU.Build.0 = Release|Any CPU
		{3B68DB3D-24CF-4F4E-9924-8FACA2222641}.Debug|Any CPU.ActiveCfg = Debug|Any CPU
		{3B68DB3D-24CF-4F4E-9924-8FACA2222641}.Debug|Any CPU.Build.0 = Debug|Any CPU
		{3B68DB3D-24CF-4F4E-9924-8FACA2222641}.Release|Any CPU.ActiveCfg = Release|Any CPU
		{3B68DB3D-24CF-4F4E-9924-8FACA2222641}.Release|Any CPU.Build.0 = Release|Any CPU
		{FFF86DF2-FF6C-43CC-8DEF-A881E00D9CEF}.Debug|Any CPU.ActiveCfg = Debug|Any CPU
		{FFF86DF2-FF6C-43CC-8DEF-A881E00D9CEF}.Debug|Any CPU.Build.0 = Debug|Any CPU
		{FFF86DF2-FF6C-43CC-8DEF-A881E00D9CEF}.Release|Any CPU.ActiveCfg = Release|Any CPU
		{FFF86DF2-FF6C-43CC-8DEF-A881E00D9CEF}.Release|Any CPU.Build.0 = Release|Any CPU
		{2A45FB03-54D3-4B17-87C8-41C022567314}.Debug|Any CPU.ActiveCfg = Debug|Any CPU
		{2A45FB03-54D3-4B17-87C8-41C022567314}.Debug|Any CPU.Build.0 = Debug|Any CPU
		{2A45FB03-54D3-4B17-87C8-41C022567314}.Release|Any CPU.ActiveCfg = Release|Any CPU
		{2A45FB03-54D3-4B17-87C8-41C022567314}.Release|Any CPU.Build.0 = Release|Any CPU
		{633EF114-C4E5-4FB9-9D9A-CBA800E20FD8}.Debug|Any CPU.ActiveCfg = Debug|Any CPU
		{633EF114-C4E5-4FB9-9D9A-CBA800E20FD8}.Debug|Any CPU.Build.0 = Debug|Any CPU
		{633EF114-C4E5-4FB9-9D9A-CBA800E20FD8}.Release|Any CPU.ActiveCfg = Release|Any CPU
		{633EF114-C4E5-4FB9-9D9A-CBA800E20FD8}.Release|Any CPU.Build.0 = Release|Any CPU
		{D00626D4-9DC7-458D-A9A3-84184BB34B63}.Debug|Any CPU.ActiveCfg = Debug|Any CPU
		{D00626D4-9DC7-458D-A9A3-84184BB34B63}.Debug|Any CPU.Build.0 = Debug|Any CPU
		{D00626D4-9DC7-458D-A9A3-84184BB34B63}.Release|Any CPU.ActiveCfg = Release|Any CPU
		{D00626D4-9DC7-458D-A9A3-84184BB34B63}.Release|Any CPU.Build.0 = Release|Any CPU
		{CE23B7F6-2AA6-4D0C-9B13-03D1BA9C00DB}.Debug|Any CPU.ActiveCfg = Debug|Any CPU
		{CE23B7F6-2AA6-4D0C-9B13-03D1BA9C00DB}.Debug|Any CPU.Build.0 = Debug|Any CPU
		{CE23B7F6-2AA6-4D0C-9B13-03D1BA9C00DB}.Release|Any CPU.ActiveCfg = Release|Any CPU
		{CE23B7F6-2AA6-4D0C-9B13-03D1BA9C00DB}.Release|Any CPU.Build.0 = Release|Any CPU
		{59A6EB4F-CA40-4E85-9076-357B613EF21A}.Debug|Any CPU.ActiveCfg = Debug|Any CPU
		{59A6EB4F-CA40-4E85-9076-357B613EF21A}.Debug|Any CPU.Build.0 = Debug|Any CPU
		{59A6EB4F-CA40-4E85-9076-357B613EF21A}.Debug|Any CPU.Deploy.0 = Debug|Any CPU
		{59A6EB4F-CA40-4E85-9076-357B613EF21A}.Release|Any CPU.ActiveCfg = Release|Any CPU
		{59A6EB4F-CA40-4E85-9076-357B613EF21A}.Release|Any CPU.Build.0 = Release|Any CPU
		{59A6EB4F-CA40-4E85-9076-357B613EF21A}.Release|Any CPU.Deploy.0 = Release|Any CPU
	EndGlobalSection
	GlobalSection(SolutionProperties) = preSolution
		HideSolutionNode = FALSE
	EndGlobalSection
	GlobalSection(ExtensibilityGlobals) = postSolution
		SolutionGuid = {DF4C4416-4B28-4AD5-AC60-6D5B3F67FA13}
	EndGlobalSection
EndGlobal
